
Microsoft Visual Studio Solution File, Format Version 12.00
# Visual Studio 14
VisualStudioVersion = 14.0.24720.0
MinimumVisualStudioVersion = 10.0.40219.1
Project("{FAE04EC0-301F-11D3-BF4B-00C04F79EFBC}") = "MembershipReboot", "MembershipReboot\MembershipReboot.csproj", "{6A019F7A-EB90-48E9-BA91-07DA7D40BDD4}"
EndProject
Project("{FAE04EC0-301F-11D3-BF4B-00C04F79EFBC}") = "IdentityServer", "IdentityServer\IdentityServer.csproj", "{1E6AF2AD-ABD0-4185-BAA1-52F312D8C69F}"
EndProject
Project("{FAE04EC0-301F-11D3-BF4B-00C04F79EFBC}") = "Path", "..\Utils\Path\Path.csproj", "{9346897A-EB29-462D-B46C-70804E1B9DC8}"
EndProject
Project("{FAE04EC0-301F-11D3-BF4B-00C04F79EFBC}") = "Core", "Core\Core.csproj", "{9D49486D-0DFA-409C-B883-29467780F69C}"
EndProject
Global
	GlobalSection(SolutionConfigurationPlatforms) = preSolution
		Debug|Any CPU = Debug|Any CPU
		Release|Any CPU = Release|Any CPU
	EndGlobalSection
	GlobalSection(ProjectConfigurationPlatforms) = postSolution
		{6A019F7A-EB90-48E9-BA91-07DA7D40BDD4}.Debug|Any CPU.ActiveCfg = Debug|Any CPU
		{6A019F7A-EB90-48E9-BA91-07DA7D40BDD4}.Debug|Any CPU.Build.0 = Debug|Any CPU
		{6A019F7A-EB90-48E9-BA91-07DA7D40BDD4}.Release|Any CPU.ActiveCfg = Release|Any CPU
		{6A019F7A-EB90-48E9-BA91-07DA7D40BDD4}.Release|Any CPU.Build.0 = Release|Any CPU
		{1E6AF2AD-ABD0-4185-BAA1-52F312D8C69F}.Debug|Any CPU.ActiveCfg = Debug|Any CPU
		{1E6AF2AD-ABD0-4185-BAA1-52F312D8C69F}.Debug|Any CPU.Build.0 = Debug|Any CPU
		{1E6AF2AD-ABD0-4185-BAA1-52F312D8C69F}.Release|Any CPU.ActiveCfg = Release|Any CPU
		{1E6AF2AD-ABD0-4185-BAA1-52F312D8C69F}.Release|Any CPU.Build.0 = Release|Any CPU
		{9346897A-EB29-462D-B46C-70804E1B9DC8}.Debug|Any CPU.ActiveCfg = Debug|Any CPU
		{9346897A-EB29-462D-B46C-70804E1B9DC8}.Debug|Any CPU.Build.0 = Debug|Any CPU
		{9346897A-EB29-462D-B46C-70804E1B9DC8}.Release|Any CPU.ActiveCfg = Release|Any CPU
		{9346897A-EB29-462D-B46C-70804E1B9DC8}.Release|Any CPU.Build.0 = Release|Any CPU
		{9D49486D-0DFA-409C-B883-29467780F69C}.Debug|Any CPU.ActiveCfg = Debug|Any CPU
		{9D49486D-0DFA-409C-B883-29467780F69C}.Debug|Any CPU.Build.0 = Debug|Any CPU
		{9D49486D-0DFA-409C-B883-29467780F69C}.Release|Any CPU.ActiveCfg = Release|Any CPU
		{9D49486D-0DFA-409C-B883-29467780F69C}.Release|Any CPU.Build.0 = Release|Any CPU
	EndGlobalSection
	GlobalSection(SolutionProperties) = preSolution
		HideSolutionNode = FALSE
	EndGlobalSection
EndGlobal
