
Microsoft Visual Studio Solution File, Format Version 12.00
# Visual Studio 15
VisualStudioVersion = 15.0.27703.2042
MinimumVisualStudioVersion = 10.0.40219.1
Project("{FAE04EC0-301F-11D3-BF4B-00C04F79EFBC}") = "MembershipReboot", "MembershipReboot\MembershipReboot.csproj", "{6A019F7A-EB90-48E9-BA91-07DA7D40BDD4}"
EndProject
Project("{FAE04EC0-301F-11D3-BF4B-00C04F79EFBC}") = "IdentityServer", "IdentityServer\IdentityServer.csproj", "{1E6AF2AD-ABD0-4185-BAA1-52F312D8C69F}"
EndProject
Project("{FAE04EC0-301F-11D3-BF4B-00C04F79EFBC}") = "Path", "..\..\Cartomatic\Utils\Path.Old\Path.csproj", "{9346897A-EB29-462D-B46C-70804E1B9DC8}"
EndProject
Global
	GlobalSection(SolutionConfigurationPlatforms) = preSolution
		Debug|Any CPU = Debug|Any CPU
		Release|Any CPU = Release|Any CPU
	EndGlobalSection
	GlobalSection(ProjectConfigurationPlatforms) = postSolution
		{6A019F7A-EB90-48E9-BA91-07DA7D40BDD4}.Debug|Any CPU.ActiveCfg = Debug|Any CPU
		{6A019F7A-EB90-48E9-BA91-07DA7D40BDD4}.Debug|Any CPU.Build.0 = Debug|Any CPU
		{6A019F7A-EB90-48E9-BA91-07DA7D40BDD4}.Release|Any CPU.ActiveCfg = Release|Any CPU
		{6A019F7A-EB90-48E9-BA91-07DA7D40BDD4}.Release|Any CPU.Build.0 = Release|Any CPU
		{1E6AF2AD-ABD0-4185-BAA1-52F312D8C69F}.Debug|Any CPU.ActiveCfg = Debug|Any CPU
		{1E6AF2AD-ABD0-4185-BAA1-52F312D8C69F}.Debug|Any CPU.Build.0 = Debug|Any CPU
		{1E6AF2AD-ABD0-4185-BAA1-52F312D8C69F}.Release|Any CPU.ActiveCfg = Release|Any CPU
		{1E6AF2AD-ABD0-4185-BAA1-52F312D8C69F}.Release|Any CPU.Build.0 = Release|Any CPU
		{9346897A-EB29-462D-B46C-70804E1B9DC8}.Debug|Any CPU.ActiveCfg = Debug|Any CPU
		{9346897A-EB29-462D-B46C-70804E1B9DC8}.Debug|Any CPU.Build.0 = Debug|Any CPU
		{9346897A-EB29-462D-B46C-70804E1B9DC8}.Release|Any CPU.ActiveCfg = Release|Any CPU
		{9346897A-EB29-462D-B46C-70804E1B9DC8}.Release|Any CPU.Build.0 = Release|Any CPU
	EndGlobalSection
	GlobalSection(SolutionProperties) = preSolution
		HideSolutionNode = FALSE
	EndGlobalSection
	GlobalSection(ExtensibilityGlobals) = postSolution
		SolutionGuid = {DBC41BDF-858B-4893-A4F9-FEFF2B8C4624}
	EndGlobalSection
EndGlobal
